
Microsoft Visual Studio Solution File, Format Version 12.00
# Visual Studio Version 17
VisualStudioVersion = 17.4.33205.214
MinimumVisualStudioVersion = 10.0.40219.1
Project("{FAE04EC0-301F-11D3-BF4B-00C04F79EFBC}") = "bfsv", "bfsv\bfsv.csproj", "{2B660B24-0865-4912-92CA-5D0EBD4E6EFB}"
EndProject
Global
	GlobalSection(SolutionConfigurationPlatforms) = preSolution
		Debug|Any CPU = Debug|Any CPU
		Release|Any CPU = Release|Any CPU
	EndGlobalSection
	GlobalSection(ProjectConfigurationPlatforms) = postSolution
		{2B660B24-0865-4912-92CA-5D0EBD4E6EFB}.Debug|Any CPU.ActiveCfg = Debug|Any CPU
		{2B660B24-0865-4912-92CA-5D0EBD4E6EFB}.Debug|Any CPU.Build.0 = Debug|Any CPU
		{2B660B24-0865-4912-92CA-5D0EBD4E6EFB}.Release|Any CPU.ActiveCfg = Release|Any CPU
		{2B660B24-0865-4912-92CA-5D0EBD4E6EFB}.Release|Any CPU.Build.0 = Release|Any CPU
	EndGlobalSection
	GlobalSection(SolutionProperties) = preSolution
		HideSolutionNode = FALSE
	EndGlobalSection
	GlobalSection(ExtensibilityGlobals) = postSolution
		SolutionGuid = {419CFFB7-B726-4B19-914A-6E9A67A508C9}
	EndGlobalSection
EndGlobal
